<?xml version="1.0" encoding="utf-8"?>
<Project ToolsVersion="4.0" xmlns="http://schemas.microsoft.com/developer/msbuild/2003">
  <ItemGroup>
    <ClCompile Include="..\..\src\Main.cpp" />
    <ClCompile Include="..\..\src\Application.cpp" />
    <ClCompile Include="..\..\src\utils\Camera.cpp">
      <Filter>Utils</Filter>
    </ClCompile>
    <ClCompile Include="..\..\src\utils\Shader.cpp">
      <Filter>Utils</Filter>
    </ClCompile>
    <ClCompile Include="..\..\src\utils\Texture.cpp">
      <Filter>Utils</Filter>
    </ClCompile>
    <ClCompile Include="..\..\src\vendor\glad.c">
      <Filter>Vendor</Filter>
    </ClCompile>
    <ClCompile Include="..\..\src\vendor\stb_image.cpp">
      <Filter>Vendor</Filter>
    </ClCompile>
    <ClCompile Include="..\..\src\systems\Renderer.cpp">
      <Filter>Systems</Filter>
    </ClCompile>
    <ClCompile Include="..\..\src\systems\Platform.cpp">
      <Filter>Systems</Filter>
    </ClCompile>
    <ClCompile Include="..\..\src\systems\Input.cpp">
      <Filter>Systems</Filter>
    </ClCompile>
    <ClCompile Include="..\..\src\scene\Cube.cpp">
      <Filter>Scene</Filter>
    </ClCompile>
    <ClCompile Include="..\..\src\scene\Plane.cpp">
      <Filter>Scene</Filter>
    </ClCompile>
    <ClCompile Include="..\..\src\scene\Scene.cpp">
      <Filter>Scene</Filter>
    </ClCompile>
    <ClCompile Include="..\..\src\systems\SceneManager.cpp">
      <Filter>Systems</Filter>
    </ClCompile>
    <ClCompile Include="..\..\src\scene\RenderableObject.cpp">
      <Filter>Scene</Filter>
    </ClCompile>
    <ClCompile Include="..\..\src\scene\Lamp.cpp">
      <Filter>Scene</Filter>
    </ClCompile>
    <ClCompile Include="..\..\src\systems\FileSystem.cpp">
      <Filter>Systems</Filter>
    </ClCompile>
    <ClCompile Include="..\..\src\utils\DirectionalLight.cpp">
      <Filter>Utils</Filter>
    </ClCompile>
    <ClCompile Include="..\..\src\utils\PointLight.cpp">
      <Filter>Utils</Filter>
    </ClCompile>
  </ItemGroup>
  <ItemGroup>
    <ClInclude Include="..\..\src\Application.h" />
    <ClInclude Include="..\..\src\utils\Camera.h">
      <Filter>Utils</Filter>
    </ClInclude>
    <ClInclude Include="..\..\src\utils\Shader.h">
      <Filter>Utils</Filter>
    </ClInclude>
    <ClInclude Include="..\..\src\utils\Texture.h">
      <Filter>Utils</Filter>
    </ClInclude>
    <ClInclude Include="..\..\src\systems\Renderer.h">
      <Filter>Systems</Filter>
    </ClInclude>
    <ClInclude Include="..\..\src\systems\Platform.h">
      <Filter>Systems</Filter>
    </ClInclude>
    <ClInclude Include="..\..\src\systems\Input.h">
      <Filter>Systems</Filter>
    </ClInclude>
    <ClInclude Include="..\..\src\scene\Cube.h">
      <Filter>Scene</Filter>
    </ClInclude>
    <ClInclude Include="..\..\src\scene\Plane.h">
      <Filter>Scene</Filter>
    </ClInclude>
    <ClInclude Include="..\..\src\scene\Scene.h">
      <Filter>Scene</Filter>
    </ClInclude>
    <ClInclude Include="..\..\src\scene\Object.h">
      <Filter>Scene</Filter>
    </ClInclude>
    <ClInclude Include="..\..\src\systems\SceneManager.h">
      <Filter>Systems</Filter>
    </ClInclude>
    <ClInclude Include="..\..\src\scene\RenderableObject.h">
      <Filter>Scene</Filter>
    </ClInclude>
    <ClInclude Include="..\..\src\scene\Lamp.h">
      <Filter>Scene</Filter>
    </ClInclude>
    <ClInclude Include="..\..\src\utils\DirectionalLight.h">
      <Filter>Utils</Filter>
    </ClInclude>
    <ClInclude Include="..\..\src\systems\FileSystem.h">
      <Filter>Systems</Filter>
    </ClInclude>
    <ClInclude Include="..\..\src\utils\PointLight.h">
      <Filter>Utils</Filter>
    </ClInclude>
  </ItemGroup>
  <ItemGroup>
    <Filter Include="Vendor">
      <UniqueIdentifier>{fe02eef0-3071-413d-9f4c-f8f4c8d0baca}</UniqueIdentifier>
    </Filter>
    <Filter Include="Utils">
      <UniqueIdentifier>{30250f30-b842-46d7-87d0-b93cbd0ab21e}</UniqueIdentifier>
    </Filter>
    <Filter Include="Systems">
      <UniqueIdentifier>{40742d60-3563-41f6-b4c8-b101029a9625}</UniqueIdentifier>
    </Filter>
    <Filter Include="Scene">
      <UniqueIdentifier>{0ad44ef9-6dce-4877-ba20-204fe1350084}</UniqueIdentifier>
    </Filter>
  </ItemGroup>
</Project>